// !$*UTF8*$!
{
	archiveVersion = 1;
	classes = {
	};
	objectVersion = 50;
	objects = {

/* Begin PBXBuildFile section */
		21141056228B0523005B37A3 /* AppDelegate.swift in Sources */ = {isa = PBXBuildFile; fileRef = 21141055228B0523005B37A3 /* AppDelegate.swift */; };
		21141058228B0523005B37A3 /* TodoListViewController.swift in Sources */ = {isa = PBXBuildFile; fileRef = 21141057228B0523005B37A3 /* TodoListViewController.swift */; };
		2114105B228B0524005B37A3 /* Main.storyboard in Resources */ = {isa = PBXBuildFile; fileRef = 21141059228B0524005B37A3 /* Main.storyboard */; };
		2114105E228B0524005B37A3 /* Todoey.xcdatamodeld in Sources */ = {isa = PBXBuildFile; fileRef = 2114105C228B0524005B37A3 /* Todoey.xcdatamodeld */; };
		21141060228B0528005B37A3 /* Assets.xcassets in Resources */ = {isa = PBXBuildFile; fileRef = 2114105F228B0528005B37A3 /* Assets.xcassets */; };
		21141063228B0528005B37A3 /* LaunchScreen.storyboard in Resources */ = {isa = PBXBuildFile; fileRef = 21141061228B0528005B37A3 /* LaunchScreen.storyboard */; };
		2114106E228B0528005B37A3 /* TodoeyTests.swift in Sources */ = {isa = PBXBuildFile; fileRef = 2114106D228B0528005B37A3 /* TodoeyTests.swift */; };
		21141079228B0528005B37A3 /* TodoeyUITests.swift in Sources */ = {isa = PBXBuildFile; fileRef = 21141078228B0528005B37A3 /* TodoeyUITests.swift */; };
		21ADDC5B228C637300F3DC8B /* DataModel.xcdatamodeld in Sources */ = {isa = PBXBuildFile; fileRef = 21ADDC59228C637300F3DC8B /* DataModel.xcdatamodeld */; };
/* End PBXBuildFile section */

/* Begin PBXContainerItemProxy section */
		2114106A228B0528005B37A3 /* PBXContainerItemProxy */ = {
			isa = PBXContainerItemProxy;
			containerPortal = 2114104A228B0523005B37A3 /* Project object */;
			proxyType = 1;
			remoteGlobalIDString = 21141051228B0523005B37A3;
			remoteInfo = Todoey;
		};
		21141075228B0528005B37A3 /* PBXContainerItemProxy */ = {
			isa = PBXContainerItemProxy;
			containerPortal = 2114104A228B0523005B37A3 /* Project object */;
			proxyType = 1;
			remoteGlobalIDString = 21141051228B0523005B37A3;
			remoteInfo = Todoey;
		};
/* End PBXContainerItemProxy section */

/* Begin PBXFileReference section */
		21141052228B0523005B37A3 /* Todoey.app */ = {isa = PBXFileReference; explicitFileType = wrapper.application; includeInIndex = 0; path = Todoey.app; sourceTree = BUILT_PRODUCTS_DIR; };
		21141055228B0523005B37A3 /* AppDelegate.swift */ = {isa = PBXFileReference; lastKnownFileType = sourcecode.swift; path = AppDelegate.swift; sourceTree = "<group>"; };
		21141057228B0523005B37A3 /* TodoListViewController.swift */ = {isa = PBXFileReference; lastKnownFileType = sourcecode.swift; path = TodoListViewController.swift; sourceTree = "<group>"; };
		2114105A228B0524005B37A3 /* Base */ = {isa = PBXFileReference; lastKnownFileType = file.storyboard; name = Base; path = Base.lproj/Main.storyboard; sourceTree = "<group>"; };
		2114105D228B0524005B37A3 /* Todoey.xcdatamodel */ = {isa = PBXFileReference; lastKnownFileType = wrapper.xcdatamodel; path = Todoey.xcdatamodel; sourceTree = "<group>"; };
		2114105F228B0528005B37A3 /* Assets.xcassets */ = {isa = PBXFileReference; lastKnownFileType = folder.assetcatalog; path = Assets.xcassets; sourceTree = "<group>"; };
		21141062228B0528005B37A3 /* Base */ = {isa = PBXFileReference; lastKnownFileType = file.storyboard; name = Base; path = Base.lproj/LaunchScreen.storyboard; sourceTree = "<group>"; };
		21141064228B0528005B37A3 /* Info.plist */ = {isa = PBXFileReference; lastKnownFileType = text.plist.xml; path = Info.plist; sourceTree = "<group>"; };
		21141069228B0528005B37A3 /* TodoeyTests.xctest */ = {isa = PBXFileReference; explicitFileType = wrapper.cfbundle; includeInIndex = 0; path = TodoeyTests.xctest; sourceTree = BUILT_PRODUCTS_DIR; };
		2114106D228B0528005B37A3 /* TodoeyTests.swift */ = {isa = PBXFileReference; lastKnownFileType = sourcecode.swift; path = TodoeyTests.swift; sourceTree = "<group>"; };
		2114106F228B0528005B37A3 /* Info.plist */ = {isa = PBXFileReference; lastKnownFileType = text.plist.xml; path = Info.plist; sourceTree = "<group>"; };
		21141074228B0528005B37A3 /* TodoeyUITests.xctest */ = {isa = PBXFileReference; explicitFileType = wrapper.cfbundle; includeInIndex = 0; path = TodoeyUITests.xctest; sourceTree = BUILT_PRODUCTS_DIR; };
		21141078228B0528005B37A3 /* TodoeyUITests.swift */ = {isa = PBXFileReference; lastKnownFileType = sourcecode.swift; path = TodoeyUITests.swift; sourceTree = "<group>"; };
		2114107A228B0528005B37A3 /* Info.plist */ = {isa = PBXFileReference; lastKnownFileType = text.plist.xml; path = Info.plist; sourceTree = "<group>"; };
		21ADDC5A228C637300F3DC8B /* DataModel.xcdatamodel */ = {isa = PBXFileReference; lastKnownFileType = wrapper.xcdatamodel; path = DataModel.xcdatamodel; sourceTree = "<group>"; };
/* End PBXFileReference section */

/* Begin PBXFrameworksBuildPhase section */
		2114104F228B0523005B37A3 /* Frameworks */ = {
			isa = PBXFrameworksBuildPhase;
			buildActionMask = 2147483647;
			files = (
			);
			runOnlyForDeploymentPostprocessing = 0;
		};
		21141066228B0528005B37A3 /* Frameworks */ = {
			isa = PBXFrameworksBuildPhase;
			buildActionMask = 2147483647;
			files = (
			);
			runOnlyForDeploymentPostprocessing = 0;
		};
		21141071228B0528005B37A3 /* Frameworks */ = {
			isa = PBXFrameworksBuildPhase;
			buildActionMask = 2147483647;
			files = (
			);
			runOnlyForDeploymentPostprocessing = 0;
		};
/* End PBXFrameworksBuildPhase section */

/* Begin PBXGroup section */
		21141049228B0523005B37A3 = {
			isa = PBXGroup;
			children = (
				21141054228B0523005B37A3 /* Todoey */,
				2114106C228B0528005B37A3 /* TodoeyTests */,
				21141077228B0528005B37A3 /* TodoeyUITests */,
				21141053228B0523005B37A3 /* Products */,
			);
			sourceTree = "<group>";
		};
		21141053228B0523005B37A3 /* Products */ = {
			isa = PBXGroup;
			children = (
				21141052228B0523005B37A3 /* Todoey.app */,
				21141069228B0528005B37A3 /* TodoeyTests.xctest */,
				21141074228B0528005B37A3 /* TodoeyUITests.xctest */,
			);
			name = Products;
			sourceTree = "<group>";
		};
		21141054228B0523005B37A3 /* Todoey */ = {
			isa = PBXGroup;
			children = (
				21141055228B0523005B37A3 /* AppDelegate.swift */,
				21ADDC35228C40F400F3DC8B /* Controllers */,
				21ADDC36228C410100F3DC8B /* Views */,
				21ADDC37228C415300F3DC8B /* Supporting Files */,
				21141064228B0528005B37A3 /* Info.plist */,
				2114105C228B0524005B37A3 /* Todoey.xcdatamodeld */,
				21ADDC34228C40D200F3DC8B /* DataModel */,
			);
			path = Todoey;
			sourceTree = "<group>";
		};
		2114106C228B0528005B37A3 /* TodoeyTests */ = {
			isa = PBXGroup;
			children = (
				2114106D228B0528005B37A3 /* TodoeyTests.swift */,
				2114106F228B0528005B37A3 /* Info.plist */,
			);
			path = TodoeyTests;
			sourceTree = "<group>";
		};
		21141077228B0528005B37A3 /* TodoeyUITests */ = {
			isa = PBXGroup;
			children = (
				21141078228B0528005B37A3 /* TodoeyUITests.swift */,
				2114107A228B0528005B37A3 /* Info.plist */,
			);
			path = TodoeyUITests;
			sourceTree = "<group>";
		};
		21ADDC34228C40D200F3DC8B /* DataModel */ = {
			isa = PBXGroup;
			children = (
				21ADDC59228C637300F3DC8B /* DataModel.xcdatamodeld */,
			);
			path = DataModel;
			sourceTree = "<group>";
		};
		21ADDC35228C40F400F3DC8B /* Controllers */ = {
			isa = PBXGroup;
			children = (
				21141057228B0523005B37A3 /* TodoListViewController.swift */,
			);
			path = Controllers;
			sourceTree = "<group>";
		};
		21ADDC36228C410100F3DC8B /* Views */ = {
			isa = PBXGroup;
			children = (
				21141059228B0524005B37A3 /* Main.storyboard */,
			);
			path = Views;
			sourceTree = "<group>";
		};
		21ADDC37228C415300F3DC8B /* Supporting Files */ = {
			isa = PBXGroup;
			children = (
				2114105F228B0528005B37A3 /* Assets.xcassets */,
				21141061228B0528005B37A3 /* LaunchScreen.storyboard */,
			);
			path = "Supporting Files";
			sourceTree = "<group>";
		};
/* End PBXGroup section */

/* Begin PBXNativeTarget section */
		21141051228B0523005B37A3 /* Todoey */ = {
			isa = PBXNativeTarget;
			buildConfigurationList = 2114107D228B0528005B37A3 /* Build configuration list for PBXNativeTarget "Todoey" */;
			buildPhases = (
				2114104E228B0523005B37A3 /* Sources */,
				2114104F228B0523005B37A3 /* Frameworks */,
				21141050228B0523005B37A3 /* Resources */,
			);
			buildRules = (
			);
			dependencies = (
			);
			name = Todoey;
			productName = Todoey;
			productReference = 21141052228B0523005B37A3 /* Todoey.app */;
			productType = "com.apple.product-type.application";
		};
		21141068228B0528005B37A3 /* TodoeyTests */ = {
			isa = PBXNativeTarget;
			buildConfigurationList = 21141080228B0528005B37A3 /* Build configuration list for PBXNativeTarget "TodoeyTests" */;
			buildPhases = (
				21141065228B0528005B37A3 /* Sources */,
				21141066228B0528005B37A3 /* Frameworks */,
				21141067228B0528005B37A3 /* Resources */,
			);
			buildRules = (
			);
			dependencies = (
				2114106B228B0528005B37A3 /* PBXTargetDependency */,
			);
			name = TodoeyTests;
			productName = TodoeyTests;
			productReference = 21141069228B0528005B37A3 /* TodoeyTests.xctest */;
			productType = "com.apple.product-type.bundle.unit-test";
		};
		21141073228B0528005B37A3 /* TodoeyUITests */ = {
			isa = PBXNativeTarget;
			buildConfigurationList = 21141083228B0528005B37A3 /* Build configuration list for PBXNativeTarget "TodoeyUITests" */;
			buildPhases = (
				21141070228B0528005B37A3 /* Sources */,
				21141071228B0528005B37A3 /* Frameworks */,
				21141072228B0528005B37A3 /* Resources */,
			);
			buildRules = (
			);
			dependencies = (
				21141076228B0528005B37A3 /* PBXTargetDependency */,
			);
			name = TodoeyUITests;
			productName = TodoeyUITests;
			productReference = 21141074228B0528005B37A3 /* TodoeyUITests.xctest */;
			productType = "com.apple.product-type.bundle.ui-testing";
		};
/* End PBXNativeTarget section */

/* Begin PBXProject section */
		2114104A228B0523005B37A3 /* Project object */ = {
			isa = PBXProject;
			attributes = {
				LastSwiftUpdateCheck = 1010;
				LastUpgradeCheck = 1010;
				ORGANIZATIONNAME = vishala3;
				TargetAttributes = {
					21141051228B0523005B37A3 = {
						CreatedOnToolsVersion = 10.1;
					};
					21141068228B0528005B37A3 = {
						CreatedOnToolsVersion = 10.1;
						TestTargetID = 21141051228B0523005B37A3;
					};
					21141073228B0528005B37A3 = {
						CreatedOnToolsVersion = 10.1;
						TestTargetID = 21141051228B0523005B37A3;
					};
				};
			};
			buildConfigurationList = 2114104D228B0523005B37A3 /* Build configuration list for PBXProject "Todoey" */;
			compatibilityVersion = "Xcode 9.3";
			developmentRegion = en;
			hasScannedForEncodings = 0;
			knownRegions = (
				en,
				Base,
			);
			mainGroup = 21141049228B0523005B37A3;
			productRefGroup = 21141053228B0523005B37A3 /* Products */;
			projectDirPath = "";
			projectRoot = "";
			targets = (
				21141051228B0523005B37A3 /* Todoey */,
				21141068228B0528005B37A3 /* TodoeyTests */,
				21141073228B0528005B37A3 /* TodoeyUITests */,
			);
		};
/* End PBXProject section */

/* Begin PBXResourcesBuildPhase section */
		21141050228B0523005B37A3 /* Resources */ = {
			isa = PBXResourcesBuildPhase;
			buildActionMask = 2147483647;
			files = (
				21141063228B0528005B37A3 /* LaunchScreen.storyboard in Resources */,
				21141060228B0528005B37A3 /* Assets.xcassets in Resources */,
				2114105B228B0524005B37A3 /* Main.storyboard in Resources */,
			);
			runOnlyForDeploymentPostprocessing = 0;
		};
		21141067228B0528005B37A3 /* Resources */ = {
			isa = PBXResourcesBuildPhase;
			buildActionMask = 2147483647;
			files = (
			);
			runOnlyForDeploymentPostprocessing = 0;
		};
		21141072228B0528005B37A3 /* Resources */ = {
			isa = PBXResourcesBuildPhase;
			buildActionMask = 2147483647;
			files = (
			);
			runOnlyForDeploymentPostprocessing = 0;
		};
/* End PBXResourcesBuildPhase section */

/* Begin PBXSourcesBuildPhase section */
		2114104E228B0523005B37A3 /* Sources */ = {
			isa = PBXSourcesBuildPhase;
			buildActionMask = 2147483647;
			files = (
				21ADDC5B228C637300F3DC8B /* DataModel.xcdatamodeld in Sources */,
				21141058228B0523005B37A3 /* TodoListViewController.swift in Sources */,
				21141056228B0523005B37A3 /* AppDelegate.swift in Sources */,
				2114105E228B0524005B37A3 /* Todoey.xcdatamodeld in Sources */,
			);
			runOnlyForDeploymentPostprocessing = 0;
		};
		21141065228B0528005B37A3 /* Sources */ = {
			isa = PBXSourcesBuildPhase;
			buildActionMask = 2147483647;
			files = (
				2114106E228B0528005B37A3 /* TodoeyTests.swift in Sources */,
			);
			runOnlyForDeploymentPostprocessing = 0;
		};
		21141070228B0528005B37A3 /* Sources */ = {
			isa = PBXSourcesBuildPhase;
			buildActionMask = 2147483647;
			files = (
				21141079228B0528005B37A3 /* TodoeyUITests.swift in Sources */,
			);
			runOnlyForDeploymentPostprocessing = 0;
		};
/* End PBXSourcesBuildPhase section */

/* Begin PBXTargetDependency section */
		2114106B228B0528005B37A3 /* PBXTargetDependency */ = {
			isa = PBXTargetDependency;
			target = 21141051228B0523005B37A3 /* Todoey */;
			targetProxy = 2114106A228B0528005B37A3 /* PBXContainerItemProxy */;
		};
		21141076228B0528005B37A3 /* PBXTargetDependency */ = {
			isa = PBXTargetDependency;
			target = 21141051228B0523005B37A3 /* Todoey */;
			targetProxy = 21141075228B0528005B37A3 /* PBXContainerItemProxy */;
		};
/* End PBXTargetDependency section */

/* Begin PBXVariantGroup section */
		21141059228B0524005B37A3 /* Main.storyboard */ = {
			isa = PBXVariantGroup;
			children = (
				2114105A228B0524005B37A3 /* Base */,
			);
			name = Main.storyboard;
			sourceTree = "<group>";
		};
		21141061228B0528005B37A3 /* LaunchScreen.storyboard */ = {
			isa = PBXVariantGroup;
			children = (
				21141062228B0528005B37A3 /* Base */,
			);
			name = LaunchScreen.storyboard;
			sourceTree = "<group>";
		};
/* End PBXVariantGroup section */

/* Begin XCBuildConfiguration section */
		2114107B228B0528005B37A3 /* Debug */ = {
			isa = XCBuildConfiguration;
			buildSettings = {
				ALWAYS_SEARCH_USER_PATHS = NO;
				CLANG_ANALYZER_NONNULL = YES;
				CLANG_ANALYZER_NUMBER_OBJECT_CONVERSION = YES_AGGRESSIVE;
				CLANG_CXX_LANGUAGE_STANDARD = "gnu++14";
				CLANG_CXX_LIBRARY = "libc++";
				CLANG_ENABLE_MODULES = YES;
				CLANG_ENABLE_OBJC_ARC = YES;
				CLANG_ENABLE_OBJC_WEAK = YES;
				CLANG_WARN_BLOCK_CAPTURE_AUTORELEASING = YES;
				CLANG_WARN_BOOL_CONVERSION = YES;
				CLANG_WARN_COMMA = YES;
				CLANG_WARN_CONSTANT_CONVERSION = YES;
				CLANG_WARN_DEPRECATED_OBJC_IMPLEMENTATIONS = YES;
				CLANG_WARN_DIRECT_OBJC_ISA_USAGE = YES_ERROR;
				CLANG_WARN_DOCUMENTATION_COMMENTS = YES;
				CLANG_WARN_EMPTY_BODY = YES;
				CLANG_WARN_ENUM_CONVERSION = YES;
				CLANG_WARN_INFINITE_RECURSION = YES;
				CLANG_WARN_INT_CONVERSION = YES;
				CLANG_WARN_NON_LITERAL_NULL_CONVERSION = YES;
				CLANG_WARN_OBJC_IMPLICIT_RETAIN_SELF = YES;
				CLANG_WARN_OBJC_LITERAL_CONVERSION = YES;
				CLANG_WARN_OBJC_ROOT_CLASS = YES_ERROR;
				CLANG_WARN_RANGE_LOOP_ANALYSIS = YES;
				CLANG_WARN_STRICT_PROTOTYPES = YES;
				CLANG_WARN_SUSPICIOUS_MOVE = YES;
				CLANG_WARN_UNGUARDED_AVAILABILITY = YES_AGGRESSIVE;
				CLANG_WARN_UNREACHABLE_CODE = YES;
				CLANG_WARN__DUPLICATE_METHOD_MATCH = YES;
				CODE_SIGN_IDENTITY = "iPhone Developer";
				COPY_PHASE_STRIP = NO;
				DEBUG_INFORMATION_FORMAT = dwarf;
				ENABLE_STRICT_OBJC_MSGSEND = YES;
				ENABLE_TESTABILITY = YES;
				GCC_C_LANGUAGE_STANDARD = gnu11;
				GCC_DYNAMIC_NO_PIC = NO;
				GCC_NO_COMMON_BLOCKS = YES;
				GCC_OPTIMIZATION_LEVEL = 0;
				GCC_PREPROCESSOR_DEFINITIONS = (
					"DEBUG=1",
					"$(inherited)",
				);
				GCC_WARN_64_TO_32_BIT_CONVERSION = YES;
				GCC_WARN_ABOUT_RETURN_TYPE = YES_ERROR;
				GCC_WARN_UNDECLARED_SELECTOR = YES;
				GCC_WARN_UNINITIALIZED_AUTOS = YES_AGGRESSIVE;
				GCC_WARN_UNUSED_FUNCTION = YES;
				GCC_WARN_UNUSED_VARIABLE = YES;
				IPHONEOS_DEPLOYMENT_TARGET = 12.1;
				MTL_ENABLE_DEBUG_INFO = INCLUDE_SOURCE;
				MTL_FAST_MATH = YES;
				ONLY_ACTIVE_ARCH = YES;
				SDKROOT = iphoneos;
				SWIFT_ACTIVE_COMPILATION_CONDITIONS = DEBUG;
				SWIFT_OPTIMIZATION_LEVEL = "-Onone";
			};
			name = Debug;
		};
		2114107C228B0528005B37A3 /* Release */ = {
			isa = XCBuildConfiguration;
			buildSettings = {
				ALWAYS_SEARCH_USER_PATHS = NO;
				CLANG_ANALYZER_NONNULL = YES;
				CLANG_ANALYZER_NUMBER_OBJECT_CONVERSION = YES_AGGRESSIVE;
				CLANG_CXX_LANGUAGE_STANDARD = "gnu++14";
				CLANG_CXX_LIBRARY = "libc++";
				CLANG_ENABLE_MODULES = YES;
				CLANG_ENABLE_OBJC_ARC = YES;
				CLANG_ENABLE_OBJC_WEAK = YES;
				CLANG_WARN_BLOCK_CAPTURE_AUTORELEASING = YES;
				CLANG_WARN_BOOL_CONVERSION = YES;
				CLANG_WARN_COMMA = YES;
				CLANG_WARN_CONSTANT_CONVERSION = YES;
				CLANG_WARN_DEPRECATED_OBJC_IMPLEMENTATIONS = YES;
				CLANG_WARN_DIRECT_OBJC_ISA_USAGE = YES_ERROR;
				CLANG_WARN_DOCUMENTATION_COMMENTS = YES;
				CLANG_WARN_EMPTY_BODY = YES;
				CLANG_WARN_ENUM_CONVERSION = YES;
				CLANG_WARN_INFINITE_RECURSION = YES;
				CLANG_WARN_INT_CONVERSION = YES;
				CLANG_WARN_NON_LITERAL_NULL_CONVERSION = YES;
				CLANG_WARN_OBJC_IMPLICIT_RETAIN_SELF = YES;
				CLANG_WARN_OBJC_LITERAL_CONVERSION = YES;
				CLANG_WARN_OBJC_ROOT_CLASS = YES_ERROR;
				CLANG_WARN_RANGE_LOOP_ANALYSIS = YES;
				CLANG_WARN_STRICT_PROTOTYPES = YES;
				CLANG_WARN_SUSPICIOUS_MOVE = YES;
				CLANG_WARN_UNGUARDED_AVAILABILITY = YES_AGGRESSIVE;
				CLANG_WARN_UNREACHABLE_CODE = YES;
				CLANG_WARN__DUPLICATE_METHOD_MATCH = YES;
				CODE_SIGN_IDENTITY = "iPhone Developer";
				COPY_PHASE_STRIP = NO;
				DEBUG_INFORMATION_FORMAT = "dwarf-with-dsym";
				ENABLE_NS_ASSERTIONS = NO;
				ENABLE_STRICT_OBJC_MSGSEND = YES;
				GCC_C_LANGUAGE_STANDARD = gnu11;
				GCC_NO_COMMON_BLOCKS = YES;
				GCC_WARN_64_TO_32_BIT_CONVERSION = YES;
				GCC_WARN_ABOUT_RETURN_TYPE = YES_ERROR;
				GCC_WARN_UNDECLARED_SELECTOR = YES;
				GCC_WARN_UNINITIALIZED_AUTOS = YES_AGGRESSIVE;
				GCC_WARN_UNUSED_FUNCTION = YES;
				GCC_WARN_UNUSED_VARIABLE = YES;
				IPHONEOS_DEPLOYMENT_TARGET = 12.1;
				MTL_ENABLE_DEBUG_INFO = NO;
				MTL_FAST_MATH = YES;
				SDKROOT = iphoneos;
				SWIFT_COMPILATION_MODE = wholemodule;
				SWIFT_OPTIMIZATION_LEVEL = "-O";
				VALIDATE_PRODUCT = YES;
			};
			name = Release;
		};
		2114107E228B0528005B37A3 /* Debug */ = {
			isa = XCBuildConfiguration;
			buildSettings = {
				ASSETCATALOG_COMPILER_APPICON_NAME = AppIcon;
				CODE_SIGN_STYLE = Automatic;
				DEVELOPMENT_TEAM = TJUL2RZLSX;
				INFOPLIST_FILE = Todoey/Info.plist;
				LD_RUNPATH_SEARCH_PATHS = (
					"$(inherited)",
					"@executable_path/Frameworks",
				);
				PRODUCT_BUNDLE_IDENTIFIER = com.kpit.Todoey;
				PRODUCT_NAME = "$(TARGET_NAME)";
				SWIFT_VERSION = 4.2;
				TARGETED_DEVICE_FAMILY = "1,2";
			};
			name = Debug;
		};
		2114107F228B0528005B37A3 /* Release */ = {
			isa = XCBuildConfiguration;
			buildSettings = {
				ASSETCATALOG_COMPILER_APPICON_NAME = AppIcon;
				CODE_SIGN_STYLE = Automatic;
				DEVELOPMENT_TEAM = TJUL2RZLSX;
				INFOPLIST_FILE = Todoey/Info.plist;
				LD_RUNPATH_SEARCH_PATHS = (
					"$(inherited)",
					"@executable_path/Frameworks",
				);
				PRODUCT_BUNDLE_IDENTIFIER = com.kpit.Todoey;
				PRODUCT_NAME = "$(TARGET_NAME)";
				SWIFT_VERSION = 4.2;
				TARGETED_DEVICE_FAMILY = "1,2";
			};
			name = Release;
		};
		21141081228B0528005B37A3 /* Debug */ = {
			isa = XCBuildConfiguration;
			buildSettings = {
				ALWAYS_EMBED_SWIFT_STANDARD_LIBRARIES = YES;
				BUNDLE_LOADER = "$(TEST_HOST)";
				CODE_SIGN_STYLE = Automatic;
				DEVELOPMENT_TEAM = TJUL2RZLSX;
				INFOPLIST_FILE = TodoeyTests/Info.plist;
				LD_RUNPATH_SEARCH_PATHS = (
					"$(inherited)",
					"@executable_path/Frameworks",
					"@loader_path/Frameworks",
				);
				PRODUCT_BUNDLE_IDENTIFIER = com.kpit.TodoeyTests;
				PRODUCT_NAME = "$(TARGET_NAME)";
				SWIFT_VERSION = 4.2;
				TARGETED_DEVICE_FAMILY = "1,2";
				TEST_HOST = "$(BUILT_PRODUCTS_DIR)/Todoey.app/Todoey";
			};
			name = Debug;
		};
		21141082228B0528005B37A3 /* Release */ = {
			isa = XCBuildConfiguration;
			buildSettings = {
				ALWAYS_EMBED_SWIFT_STANDARD_LIBRARIES = YES;
				BUNDLE_LOADER = "$(TEST_HOST)";
				CODE_SIGN_STYLE = Automatic;
				DEVELOPMENT_TEAM = TJUL2RZLSX;
				INFOPLIST_FILE = TodoeyTests/Info.plist;
				LD_RUNPATH_SEARCH_PATHS = (
					"$(inherited)",
					"@executable_path/Frameworks",
					"@loader_path/Frameworks",
				);
				PRODUCT_BUNDLE_IDENTIFIER = com.kpit.TodoeyTests;
				PRODUCT_NAME = "$(TARGET_NAME)";
				SWIFT_VERSION = 4.2;
				TARGETED_DEVICE_FAMILY = "1,2";
				TEST_HOST = "$(BUILT_PRODUCTS_DIR)/Todoey.app/Todoey";
			};
			name = Release;
		};
		21141084228B0528005B37A3 /* Debug */ = {
			isa = XCBuildConfiguration;
			buildSettings = {
				ALWAYS_EMBED_SWIFT_STANDARD_LIBRARIES = YES;
				CODE_SIGN_STYLE = Automatic;
				DEVELOPMENT_TEAM = TJUL2RZLSX;
				INFOPLIST_FILE = TodoeyUITests/Info.plist;
				LD_RUNPATH_SEARCH_PATHS = (
					"$(inherited)",
					"@executable_path/Frameworks",
					"@loader_path/Frameworks",
				);
				PRODUCT_BUNDLE_IDENTIFIER = com.kpit.TodoeyUITests;
				PRODUCT_NAME = "$(TARGET_NAME)";
				SWIFT_VERSION = 4.2;
				TARGETED_DEVICE_FAMILY = "1,2";
				TEST_TARGET_NAME = Todoey;
			};
			name = Debug;
		};
		21141085228B0528005B37A3 /* Release */ = {
			isa = XCBuildConfiguration;
			buildSettings = {
				ALWAYS_EMBED_SWIFT_STANDARD_LIBRARIES = YES;
				CODE_SIGN_STYLE = Automatic;
				DEVELOPMENT_TEAM = TJUL2RZLSX;
				INFOPLIST_FILE = TodoeyUITests/Info.plist;
				LD_RUNPATH_SEARCH_PATHS = (
					"$(inherited)",
					"@executable_path/Frameworks",
					"@loader_path/Frameworks",
				);
				PRODUCT_BUNDLE_IDENTIFIER = com.kpit.TodoeyUITests;
				PRODUCT_NAME = "$(TARGET_NAME)";
				SWIFT_VERSION = 4.2;
				TARGETED_DEVICE_FAMILY = "1,2";
				TEST_TARGET_NAME = Todoey;
			};
			name = Release;
		};
/* End XCBuildConfiguration section */

/* Begin XCConfigurationList section */
		2114104D228B0523005B37A3 /* Build configuration list for PBXProject "Todoey" */ = {
			isa = XCConfigurationList;
			buildConfigurations = (
				2114107B228B0528005B37A3 /* Debug */,
				2114107C228B0528005B37A3 /* Release */,
			);
			defaultConfigurationIsVisible = 0;
			defaultConfigurationName = Release;
		};
		2114107D228B0528005B37A3 /* Build configuration list for PBXNativeTarget "Todoey" */ = {
			isa = XCConfigurationList;
			buildConfigurations = (
				2114107E228B0528005B37A3 /* Debug */,
				2114107F228B0528005B37A3 /* Release */,
			);
			defaultConfigurationIsVisible = 0;
			defaultConfigurationName = Release;
		};
		21141080228B0528005B37A3 /* Build configuration list for PBXNativeTarget "TodoeyTests" */ = {
			isa = XCConfigurationList;
			buildConfigurations = (
				21141081228B0528005B37A3 /* Debug */,
				21141082228B0528005B37A3 /* Release */,
			);
			defaultConfigurationIsVisible = 0;
			defaultConfigurationName = Release;
		};
		21141083228B0528005B37A3 /* Build configuration list for PBXNativeTarget "TodoeyUITests" */ = {
			isa = XCConfigurationList;
			buildConfigurations = (
				21141084228B0528005B37A3 /* Debug */,
				21141085228B0528005B37A3 /* Release */,
			);
			defaultConfigurationIsVisible = 0;
			defaultConfigurationName = Release;
		};
/* End XCConfigurationList section */

/* Begin XCVersionGroup section */
		2114105C228B0524005B37A3 /* Todoey.xcdatamodeld */ = {
			isa = XCVersionGroup;
			children = (
				2114105D228B0524005B37A3 /* Todoey.xcdatamodel */,
			);
			currentVersion = 2114105D228B0524005B37A3 /* Todoey.xcdatamodel */;
			path = Todoey.xcdatamodeld;
			sourceTree = "<group>";
			versionGroupType = wrapper.xcdatamodel;
		};
		21ADDC59228C637300F3DC8B /* DataModel.xcdatamodeld */ = {
			isa = XCVersionGroup;
			children = (
				21ADDC5A228C637300F3DC8B /* DataModel.xcdatamodel */,
			);
			currentVersion = 21ADDC5A228C637300F3DC8B /* DataModel.xcdatamodel */;
			path = DataModel.xcdatamodeld;
			sourceTree = "<group>";
			versionGroupType = wrapper.xcdatamodel;
		};
/* End XCVersionGroup section */
	};
	rootObject = 2114104A228B0523005B37A3 /* Project object */;
}
